
Microsoft Visual Studio Solution File, Format Version 12.00
# Visual Studio Version 16
VisualStudioVersion = 16.0.28721.148
MinimumVisualStudioVersion = 10.0.40219.1
Project("{8BC9CEB8-8B4A-11D0-8D11-00A0C91BC942}") = "hidapi", "android\hidapi.vcxproj", "{654D6F15-267A-423D-8606-351C153C4E3D}"
EndProject
Project("{8BC9CEB8-8B4A-11D0-8D11-00A0C91BC942}") = "SDL2_image", "android\SDL2_image.vcxproj", "{03A9401D-CEFF-4F5E-A7B4-FC2A0D9F6C95}"
	ProjectSection(ProjectDependencies) = postProject
		{B7BE417C-B6C5-4A69-A056-E0CB0C6A344C} = {B7BE417C-B6C5-4A69-A056-E0CB0C6A344C}
	EndProjectSection
EndProject
Project("{8BC9CEB8-8B4A-11D0-8D11-00A0C91BC942}") = "engine", "android\engine.vcxproj", "{61F9553B-B9D9-46A3-B515-E8C4474ECA88}"
	ProjectSection(ProjectDependencies) = postProject
		{03A9401D-CEFF-4F5E-A7B4-FC2A0D9F6C95} = {03A9401D-CEFF-4F5E-A7B4-FC2A0D9F6C95}
		{B7BE417C-B6C5-4A69-A056-E0CB0C6A344C} = {B7BE417C-B6C5-4A69-A056-E0CB0C6A344C}
		{9E45BE8B-DBF6-4F35-B0EA-3D295D4BCE55} = {9E45BE8B-DBF6-4F35-B0EA-3D295D4BCE55}
	EndProjectSection
EndProject
Project("{8BC9CEB8-8B4A-11D0-8D11-00A0C91BC942}") = "SDL2", "android\SDL2.vcxproj", "{B7BE417C-B6C5-4A69-A056-E0CB0C6A344C}"
	ProjectSection(ProjectDependencies) = postProject
		{654D6F15-267A-423D-8606-351C153C4E3D} = {654D6F15-267A-423D-8606-351C153C4E3D}
	EndProjectSection
EndProject
Project("{8BC9CEB8-8B4A-11D0-8D11-00A0C91BC942}") = "main", "android\main.vcxproj", "{B7F3A6F1-0359-4427-925D-4A6D1C979B61}"
	ProjectSection(ProjectDependencies) = postProject
		{61F9553B-B9D9-46A3-B515-E8C4474ECA88} = {61F9553B-B9D9-46A3-B515-E8C4474ECA88}
		{61F9563B-B9D9-46A3-B515-E8C4474ECA88} = {61F9563B-B9D9-46A3-B515-E8C4474ECA88}
	EndProjectSection
EndProject
Project("{8BC9CEB8-8B4A-11D0-8D11-00A0C91BC942}") = "inih", "android\inih.vcxproj", "{61F9563B-B9D9-46A3-B515-E8C4474ECA88}"
EndProject
Project("{39E2626F-3545-4960-A6E8-258AD8476CE5}") = "SDL2_GradleApp", "android\SDL2_GradleApp\SDL2_GradleApp.androidproj", "{F38408B0-8D17-4D2B-AEB4-5FA30B7F6373}"
	ProjectSection(ProjectDependencies) = postProject
		{61F9553B-B9D9-46A3-B515-E8C4474ECA88} = {61F9553B-B9D9-46A3-B515-E8C4474ECA88}
		{9E45BE8B-DBF6-4F35-B0EA-3D295D4BCE55} = {9E45BE8B-DBF6-4F35-B0EA-3D295D4BCE55}
	EndProjectSection
EndProject
Project("{8BC9CEB8-8B4A-11D0-8D11-00A0C91BC942}") = "SDL2_mixer", "android\SDL2_mixer.vcxproj", "{9E45BE8B-DBF6-4F35-B0EA-3D295D4BCE55}"
	ProjectSection(ProjectDependencies) = postProject
		{B7BE417C-B6C5-4A69-A056-E0CB0C6A344C} = {B7BE417C-B6C5-4A69-A056-E0CB0C6A344C}
	EndProjectSection
EndProject
Global
	GlobalSection(SolutionConfigurationPlatforms) = preSolution
		Debug|ARM = Debug|ARM
		Debug|x86 = Debug|x86
		Release|ARM = Release|ARM
		Release|x86 = Release|x86
	EndGlobalSection
	GlobalSection(ProjectConfigurationPlatforms) = postSolution
		{654D6F15-267A-423D-8606-351C153C4E3D}.Debug|ARM.ActiveCfg = Debug|ARM
		{654D6F15-267A-423D-8606-351C153C4E3D}.Debug|ARM.Build.0 = Debug|ARM
		{654D6F15-267A-423D-8606-351C153C4E3D}.Debug|x86.ActiveCfg = Debug|x86
		{654D6F15-267A-423D-8606-351C153C4E3D}.Debug|x86.Build.0 = Debug|x86
		{654D6F15-267A-423D-8606-351C153C4E3D}.Release|ARM.ActiveCfg = Release|ARM
		{654D6F15-267A-423D-8606-351C153C4E3D}.Release|ARM.Build.0 = Release|ARM
		{654D6F15-267A-423D-8606-351C153C4E3D}.Release|x86.ActiveCfg = Release|x86
		{654D6F15-267A-423D-8606-351C153C4E3D}.Release|x86.Build.0 = Release|x86
		{03A9401D-CEFF-4F5E-A7B4-FC2A0D9F6C95}.Debug|ARM.ActiveCfg = Debug|ARM
		{03A9401D-CEFF-4F5E-A7B4-FC2A0D9F6C95}.Debug|ARM.Build.0 = Debug|ARM
		{03A9401D-CEFF-4F5E-A7B4-FC2A0D9F6C95}.Debug|x86.ActiveCfg = Debug|x86
		{03A9401D-CEFF-4F5E-A7B4-FC2A0D9F6C95}.Debug|x86.Build.0 = Debug|x86
		{03A9401D-CEFF-4F5E-A7B4-FC2A0D9F6C95}.Release|ARM.ActiveCfg = Release|ARM
		{03A9401D-CEFF-4F5E-A7B4-FC2A0D9F6C95}.Release|ARM.Build.0 = Release|ARM
		{03A9401D-CEFF-4F5E-A7B4-FC2A0D9F6C95}.Release|x86.ActiveCfg = Release|x86
		{03A9401D-CEFF-4F5E-A7B4-FC2A0D9F6C95}.Release|x86.Build.0 = Release|x86
		{61F9553B-B9D9-46A3-B515-E8C4474ECA88}.Debug|ARM.ActiveCfg = Debug|ARM
		{61F9553B-B9D9-46A3-B515-E8C4474ECA88}.Debug|ARM.Build.0 = Debug|ARM
		{61F9553B-B9D9-46A3-B515-E8C4474ECA88}.Debug|x86.ActiveCfg = Debug|x86
		{61F9553B-B9D9-46A3-B515-E8C4474ECA88}.Debug|x86.Build.0 = Debug|x86
		{61F9553B-B9D9-46A3-B515-E8C4474ECA88}.Release|ARM.ActiveCfg = Release|ARM
		{61F9553B-B9D9-46A3-B515-E8C4474ECA88}.Release|ARM.Build.0 = Release|ARM
		{61F9553B-B9D9-46A3-B515-E8C4474ECA88}.Release|x86.ActiveCfg = Release|x86
		{61F9553B-B9D9-46A3-B515-E8C4474ECA88}.Release|x86.Build.0 = Release|x86
		{B7BE417C-B6C5-4A69-A056-E0CB0C6A344C}.Debug|ARM.ActiveCfg = Debug|ARM
		{B7BE417C-B6C5-4A69-A056-E0CB0C6A344C}.Debug|ARM.Build.0 = Debug|ARM
		{B7BE417C-B6C5-4A69-A056-E0CB0C6A344C}.Debug|x86.ActiveCfg = Debug|x86
		{B7BE417C-B6C5-4A69-A056-E0CB0C6A344C}.Debug|x86.Build.0 = Debug|x86
		{B7BE417C-B6C5-4A69-A056-E0CB0C6A344C}.Release|ARM.ActiveCfg = Release|ARM
		{B7BE417C-B6C5-4A69-A056-E0CB0C6A344C}.Release|ARM.Build.0 = Release|ARM
		{B7BE417C-B6C5-4A69-A056-E0CB0C6A344C}.Release|x86.ActiveCfg = Release|x86
		{B7BE417C-B6C5-4A69-A056-E0CB0C6A344C}.Release|x86.Build.0 = Release|x86
		{B7F3A6F1-0359-4427-925D-4A6D1C979B61}.Debug|ARM.ActiveCfg = Debug|ARM
		{B7F3A6F1-0359-4427-925D-4A6D1C979B61}.Debug|ARM.Build.0 = Debug|ARM
		{B7F3A6F1-0359-4427-925D-4A6D1C979B61}.Debug|x86.ActiveCfg = Debug|x86
		{B7F3A6F1-0359-4427-925D-4A6D1C979B61}.Debug|x86.Build.0 = Debug|x86
		{B7F3A6F1-0359-4427-925D-4A6D1C979B61}.Release|ARM.ActiveCfg = Release|ARM
		{B7F3A6F1-0359-4427-925D-4A6D1C979B61}.Release|ARM.Build.0 = Release|ARM
		{B7F3A6F1-0359-4427-925D-4A6D1C979B61}.Release|x86.ActiveCfg = Release|x86
		{B7F3A6F1-0359-4427-925D-4A6D1C979B61}.Release|x86.Build.0 = Release|x86
		{61F9563B-B9D9-46A3-B515-E8C4474ECA88}.Debug|ARM.ActiveCfg = Debug|ARM
		{61F9563B-B9D9-46A3-B515-E8C4474ECA88}.Debug|ARM.Build.0 = Debug|ARM
		{61F9563B-B9D9-46A3-B515-E8C4474ECA88}.Debug|x86.ActiveCfg = Debug|x86
		{61F9563B-B9D9-46A3-B515-E8C4474ECA88}.Debug|x86.Build.0 = Debug|x86
		{61F9563B-B9D9-46A3-B515-E8C4474ECA88}.Release|ARM.ActiveCfg = Release|ARM
		{61F9563B-B9D9-46A3-B515-E8C4474ECA88}.Release|ARM.Build.0 = Release|ARM
		{61F9563B-B9D9-46A3-B515-E8C4474ECA88}.Release|x86.ActiveCfg = Release|x86
		{61F9563B-B9D9-46A3-B515-E8C4474ECA88}.Release|x86.Build.0 = Release|x86
		{F38408B0-8D17-4D2B-AEB4-5FA30B7F6373}.Debug|ARM.ActiveCfg = Debug|ARM
		{F38408B0-8D17-4D2B-AEB4-5FA30B7F6373}.Debug|ARM.Build.0 = Debug|ARM
		{F38408B0-8D17-4D2B-AEB4-5FA30B7F6373}.Debug|ARM.Deploy.0 = Debug|ARM
		{F38408B0-8D17-4D2B-AEB4-5FA30B7F6373}.Debug|x86.ActiveCfg = Debug|x86
		{F38408B0-8D17-4D2B-AEB4-5FA30B7F6373}.Debug|x86.Build.0 = Debug|x86
		{F38408B0-8D17-4D2B-AEB4-5FA30B7F6373}.Debug|x86.Deploy.0 = Debug|x86
		{F38408B0-8D17-4D2B-AEB4-5FA30B7F6373}.Release|ARM.ActiveCfg = Release|ARM
		{F38408B0-8D17-4D2B-AEB4-5FA30B7F6373}.Release|ARM.Build.0 = Release|ARM
		{F38408B0-8D17-4D2B-AEB4-5FA30B7F6373}.Release|ARM.Deploy.0 = Release|ARM
		{F38408B0-8D17-4D2B-AEB4-5FA30B7F6373}.Release|x86.ActiveCfg = Release|x86
		{F38408B0-8D17-4D2B-AEB4-5FA30B7F6373}.Release|x86.Build.0 = Release|x86
		{F38408B0-8D17-4D2B-AEB4-5FA30B7F6373}.Release|x86.Deploy.0 = Release|x86
		{9E45BE8B-DBF6-4F35-B0EA-3D295D4BCE55}.Debug|ARM.ActiveCfg = Debug|ARM
		{9E45BE8B-DBF6-4F35-B0EA-3D295D4BCE55}.Debug|ARM.Build.0 = Debug|ARM
		{9E45BE8B-DBF6-4F35-B0EA-3D295D4BCE55}.Debug|x86.ActiveCfg = Debug|x86
		{9E45BE8B-DBF6-4F35-B0EA-3D295D4BCE55}.Debug|x86.Build.0 = Debug|x86
		{9E45BE8B-DBF6-4F35-B0EA-3D295D4BCE55}.Release|ARM.ActiveCfg = Release|ARM
		{9E45BE8B-DBF6-4F35-B0EA-3D295D4BCE55}.Release|ARM.Build.0 = Release|ARM
		{9E45BE8B-DBF6-4F35-B0EA-3D295D4BCE55}.Release|x86.ActiveCfg = Release|x86
		{9E45BE8B-DBF6-4F35-B0EA-3D295D4BCE55}.Release|x86.Build.0 = Release|x86
	EndGlobalSection
	GlobalSection(SolutionProperties) = preSolution
		HideSolutionNode = FALSE
	EndGlobalSection
	GlobalSection(ExtensibilityGlobals) = postSolution
		SolutionGuid = {5F9E227F-8F40-42A4-B967-E23FBBAAD8A3}
	EndGlobalSection
EndGlobal
