<?xml version="1.0" encoding="utf-8"?>
<Project ToolsVersion="4.0" xmlns="http://schemas.microsoft.com/developer/msbuild/2003">
  <ItemGroup>
    <Filter Include="Source Files">
      <UniqueIdentifier>{45303a28-27b1-46dd-916b-1746ebab961e}</UniqueIdentifier>
    </Filter>
    <Filter Include="Header Files">
      <UniqueIdentifier>{87bc8981-8240-49e3-adb2-82743aa04083}</UniqueIdentifier>
    </Filter>
  </ItemGroup>
  <ItemGroup>
    <ClCompile Include="..\external\engine\SdlSurface.cpp">
      <Filter>Source Files</Filter>
    </ClCompile>
    <ClCompile Include="..\external\engine\SdlWindow.cpp">
      <Filter>Source Files</Filter>
    </ClCompile>
    <ClCompile Include="..\external\engine\TextRender.cpp">
      <Filter>Source Files</Filter>
    </ClCompile>
    <ClCompile Include="..\external\engine\ActionMgr.cpp">
      <Filter>Source Files</Filter>
    </ClCompile>
    <ClCompile Include="..\external\engine\Engine.cpp">
      <Filter>Source Files</Filter>
    </ClCompile>
    <ClCompile Include="..\external\engine\Font.cpp">
      <Filter>Source Files</Filter>
    </ClCompile>
    <ClCompile Include="..\external\engine\GlContext.cpp">
      <Filter>Source Files</Filter>
    </ClCompile>
    <ClCompile Include="..\external\engine\GlProgram.cpp">
      <Filter>Source Files</Filter>
    </ClCompile>
    <ClCompile Include="..\external\engine\Input.cpp">
      <Filter>Source Files</Filter>
    </ClCompile>
    <ClCompile Include="..\external\engine\Math.cpp">
      <Filter>Source Files</Filter>
    </ClCompile>
    <ClCompile Include="..\external\engine\Sdl.cpp">
      <Filter>Source Files</Filter>
    </ClCompile>
    <ClCompile Include="..\external\engine\SdlMusic.cpp">
      <Filter>Source Files</Filter>
    </ClCompile>
    <ClCompile Include="..\external\engine\SdlSound.cpp">
      <Filter>Source Files</Filter>
    </ClCompile>
    <ClCompile Include="..\external\engine\Graphics.cpp">
      <Filter>Source Files</Filter>
    </ClCompile>
    <ClCompile Include="..\external\engine\GlFrameBuffer.cpp">
      <Filter>Source Files</Filter>
    </ClCompile>
    <ClCompile Include="..\external\engine\Gl.cpp">
      <Filter>Source Files</Filter>
    </ClCompile>
    <ClCompile Include="..\external\engine\BitmapRender.cpp">
      <Filter>Source Files</Filter>
    </ClCompile>
    <ClCompile Include="..\external\engine\Blitter.cpp">
      <Filter>Source Files</Filter>
    </ClCompile>
    <ClCompile Include="..\external\engine\UI.cpp">
      <Filter>Source Files</Filter>
    </ClCompile>
    <ClCompile Include="..\external\engine\StringTable.cpp">
      <Filter>Source Files</Filter>
    </ClCompile>
    <ClCompile Include="..\external\engine\Audio.cpp">
      <Filter>Source Files</Filter>
    </ClCompile>
  </ItemGroup>
  <ItemGroup>
    <ClInclude Include="..\external\engine\GlProgram.h">
      <Filter>Header Files</Filter>
    </ClInclude>
    <ClInclude Include="..\external\engine\Input.h">
      <Filter>Header Files</Filter>
    </ClInclude>
    <ClInclude Include="..\external\engine\Math.h">
      <Filter>Header Files</Filter>
    </ClInclude>
    <ClInclude Include="..\external\engine\Sdl.h">
      <Filter>Header Files</Filter>
    </ClInclude>
    <ClInclude Include="..\external\engine\SdlMusic.h">
      <Filter>Header Files</Filter>
    </ClInclude>
    <ClInclude Include="..\external\engine\SdlSound.h">
      <Filter>Header Files</Filter>
    </ClInclude>
    <ClInclude Include="..\external\engine\SdlSurface.h">
      <Filter>Header Files</Filter>
    </ClInclude>
    <ClInclude Include="..\external\engine\SdlWindow.h">
      <Filter>Header Files</Filter>
    </ClInclude>
    <ClInclude Include="..\external\engine\Span.h">
      <Filter>Header Files</Filter>
    </ClInclude>
    <ClInclude Include="..\external\engine\TextRender.h">
      <Filter>Header Files</Filter>
    </ClInclude>
    <ClInclude Include="..\external\engine\ActionMgr.h">
      <Filter>Header Files</Filter>
    </ClInclude>
    <ClInclude Include="..\external\engine\Color.h">
      <Filter>Header Files</Filter>
    </ClInclude>
    <ClInclude Include="..\external\engine\Engine.h">
      <Filter>Header Files</Filter>
    </ClInclude>
    <ClInclude Include="..\external\engine\Font.h">
      <Filter>Header Files</Filter>
    </ClInclude>
    <ClInclude Include="..\external\engine\FwdDecl.h">
      <Filter>Header Files</Filter>
    </ClInclude>
    <ClInclude Include="..\external\engine\Gl.h">
      <Filter>Header Files</Filter>
    </ClInclude>
    <ClInclude Include="..\external\engine\GlContext.h">
      <Filter>Header Files</Filter>
    </ClInclude>
    <ClInclude Include="..\external\engine\Graphics.h">
      <Filter>Header Files</Filter>
    </ClInclude>
    <ClInclude Include="..\external\engine\GlFrameBuffer.h">
      <Filter>Header Files</Filter>
    </ClInclude>
    <ClInclude Include="..\external\engine\BitmapRender.h">
      <Filter>Header Files</Filter>
    </ClInclude>
    <ClInclude Include="..\external\engine\Blitter.h">
      <Filter>Header Files</Filter>
    </ClInclude>
    <ClInclude Include="..\external\engine\DrawOrder.h">
      <Filter>Header Files</Filter>
    </ClInclude>
    <ClInclude Include="..\external\engine\StringTable.h">
      <Filter>Header Files</Filter>
    </ClInclude>
    <ClInclude Include="..\external\engine\UI.h">
      <Filter>Header Files</Filter>
    </ClInclude>
    <ClInclude Include="..\external\engine\Audio.h">
      <Filter>Header Files</Filter>
    </ClInclude>
  </ItemGroup>
</Project>