<?xml version="1.0" encoding="utf-8"?>
<Project ToolsVersion="4.0" xmlns="http://schemas.microsoft.com/developer/msbuild/2003">
  <ItemGroup>
    <ClCompile Include="..\SweetCrush\src\PlayScreen.cpp">
      <Filter>Source Files</Filter>
    </ClCompile>
    <ClCompile Include="..\SweetCrush\src\SettingsScreen.cpp">
      <Filter>Source Files</Filter>
    </ClCompile>
    <ClCompile Include="..\SweetCrush\src\TileSelector.cpp">
      <Filter>Source Files</Filter>
    </ClCompile>
    <ClCompile Include="..\SweetCrush\src\UIDefs.cpp">
      <Filter>Source Files</Filter>
    </ClCompile>
    <ClCompile Include="..\SweetCrush\src\Actions.cpp">
      <Filter>Source Files</Filter>
    </ClCompile>
    <ClCompile Include="..\SweetCrush\src\AssetDefs.cpp">
      <Filter>Source Files</Filter>
    </ClCompile>
    <ClCompile Include="..\SweetCrush\src\Board.cpp">
      <Filter>Source Files</Filter>
    </ClCompile>
    <ClCompile Include="..\SweetCrush\src\BoostInfoPanel.cpp">
      <Filter>Source Files</Filter>
    </ClCompile>
    <ClCompile Include="..\SweetCrush\src\Config.cpp">
      <Filter>Source Files</Filter>
    </ClCompile>
    <ClCompile Include="..\SweetCrush\src\CreditsScreen.cpp">
      <Filter>Source Files</Filter>
    </ClCompile>
    <ClCompile Include="..\SweetCrush\src\Game.cpp">
      <Filter>Source Files</Filter>
    </ClCompile>
    <ClCompile Include="..\SweetCrush\src\Localization.cpp">
      <Filter>Source Files</Filter>
    </ClCompile>
    <ClCompile Include="..\SweetCrush\src\main.cpp">
      <Filter>Source Files</Filter>
    </ClCompile>
    <ClCompile Include="..\SweetCrush\src\MainScreen.cpp">
      <Filter>Source Files</Filter>
    </ClCompile>
    <ClCompile Include="..\SweetCrush\src\Match3.cpp">
      <Filter>Source Files</Filter>
    </ClCompile>
    <ClCompile Include="..\SweetCrush\src\GameOverScreen.cpp">
      <Filter>Source Files</Filter>
    </ClCompile>
    <ClCompile Include="..\SweetCrush\src\GameCompletePanel.cpp">
      <Filter>Source Files</Filter>
    </ClCompile>
    <ClCompile Include="..\SweetCrush\src\LevelCompletePanel.cpp">
      <Filter>Source Files</Filter>
    </ClCompile>
    <ClCompile Include="..\SweetCrush\src\PauseGameScreen.cpp">
      <Filter>Source Files</Filter>
    </ClCompile>
    <ClCompile Include="..\external\SDL\src\main\android\SDL_android_main.c" />
    <ClCompile Include="..\SweetCrush\src\GameDataModule.cpp">
      <Filter>Source Files</Filter>
    </ClCompile>
    <ClCompile Include="..\SweetCrush\gameData\Levels.cpp">
      <Filter>Source Files</Filter>
    </ClCompile>
  </ItemGroup>
  <ItemGroup>
    <Filter Include="Source Files">
      <UniqueIdentifier>{43461b1e-3dc0-43b0-9ff3-51980ef82d23}</UniqueIdentifier>
    </Filter>
    <Filter Include="Header Files">
      <UniqueIdentifier>{3b5e4944-0d34-4f48-8a48-3d331fe2429e}</UniqueIdentifier>
    </Filter>
  </ItemGroup>
  <ItemGroup>
    <ClInclude Include="..\SweetCrush\src\Localization.h">
      <Filter>Header Files</Filter>
    </ClInclude>
    <ClInclude Include="..\SweetCrush\src\MainScreen.h">
      <Filter>Header Files</Filter>
    </ClInclude>
    <ClInclude Include="..\SweetCrush\src\Match3.h">
      <Filter>Header Files</Filter>
    </ClInclude>
    <ClInclude Include="..\SweetCrush\src\PlayScreen.h">
      <Filter>Header Files</Filter>
    </ClInclude>
    <ClInclude Include="..\SweetCrush\src\ScreenIds.h">
      <Filter>Header Files</Filter>
    </ClInclude>
    <ClInclude Include="..\SweetCrush\src\SettingsScreen.h">
      <Filter>Header Files</Filter>
    </ClInclude>
    <ClInclude Include="..\SweetCrush\src\TileSelector.h">
      <Filter>Header Files</Filter>
    </ClInclude>
    <ClInclude Include="..\SweetCrush\src\UIDefs.h">
      <Filter>Header Files</Filter>
    </ClInclude>
    <ClInclude Include="..\SweetCrush\src\Actions.h">
      <Filter>Header Files</Filter>
    </ClInclude>
    <ClInclude Include="..\SweetCrush\src\AssetDefs.h">
      <Filter>Header Files</Filter>
    </ClInclude>
    <ClInclude Include="..\SweetCrush\src\Board.h">
      <Filter>Header Files</Filter>
    </ClInclude>
    <ClInclude Include="..\SweetCrush\src\BoostInfoPanel.h">
      <Filter>Header Files</Filter>
    </ClInclude>
    <ClInclude Include="..\SweetCrush\src\Config.h">
      <Filter>Header Files</Filter>
    </ClInclude>
    <ClInclude Include="..\SweetCrush\src\Constants.h">
      <Filter>Header Files</Filter>
    </ClInclude>
    <ClInclude Include="..\SweetCrush\src\CreditsScreen.h">
      <Filter>Header Files</Filter>
    </ClInclude>
    <ClInclude Include="..\SweetCrush\src\Game.h">
      <Filter>Header Files</Filter>
    </ClInclude>
    <ClInclude Include="..\SweetCrush\src\GameDrawOrder.h">
      <Filter>Header Files</Filter>
    </ClInclude>
    <ClInclude Include="..\SweetCrush\src\GameSettings.h">
      <Filter>Header Files</Filter>
    </ClInclude>
    <ClInclude Include="..\SweetCrush\src\GameOverScreen.h">
      <Filter>Header Files</Filter>
    </ClInclude>
    <ClInclude Include="..\SweetCrush\src\ITileSelector.h">
      <Filter>Header Files</Filter>
    </ClInclude>
    <ClInclude Include="..\SweetCrush\src\Levels.h">
      <Filter>Header Files</Filter>
    </ClInclude>
    <ClInclude Include="..\SweetCrush\src\Level.h">
      <Filter>Header Files</Filter>
    </ClInclude>
    <ClInclude Include="..\SweetCrush\src\LevelCompletePanel.h">
      <Filter>Header Files</Filter>
    </ClInclude>
    <ClInclude Include="..\SweetCrush\src\GameCompletePanel.h">
      <Filter>Header Files</Filter>
    </ClInclude>
    <ClInclude Include="..\SweetCrush\src\PauseGameScreen.h">
      <Filter>Header Files</Filter>
    </ClInclude>
    <ClInclude Include="..\SweetCrush\src\Boosters.h">
      <Filter>Header Files</Filter>
    </ClInclude>
  </ItemGroup>
</Project>