<?xml version="1.0" encoding="utf-8"?>
<Project ToolsVersion="4.0" xmlns="http://schemas.microsoft.com/developer/msbuild/2003">
  <ItemGroup>
    <ClCompile Include="..\external\SDL_image\IMG.c" />
    <ClCompile Include="..\external\SDL_image\IMG_bmp.c" />
    <ClCompile Include="..\external\SDL_image\IMG_gif.c" />
    <ClCompile Include="..\external\SDL_image\IMG_jpg.c" />
    <ClCompile Include="..\external\SDL_image\IMG_lbm.c" />
    <ClCompile Include="..\external\SDL_image\IMG_pcx.c" />
    <ClCompile Include="..\external\SDL_image\IMG_png.c" />
    <ClCompile Include="..\external\SDL_image\IMG_pnm.c" />
    <ClCompile Include="..\external\SDL_image\IMG_svg.c" />
    <ClCompile Include="..\external\SDL_image\IMG_tga.c" />
    <ClCompile Include="..\external\SDL_image\IMG_tif.c" />
    <ClCompile Include="..\external\SDL_image\IMG_webp.c" />
    <ClCompile Include="..\external\SDL_image\IMG_WIC.c" />
    <ClCompile Include="..\external\SDL_image\IMG_xcf.c" />
    <ClCompile Include="..\external\SDL_image\IMG_xpm.c" />
    <ClCompile Include="..\external\SDL_image\IMG_xv.c" />
    <ClCompile Include="..\external\SDL_image\IMG_xxx.c" />
    <ClCompile Include="..\external\SDL_image\external\libpng-1.6.37\arm\arm_init.c" />
    <ClCompile Include="..\external\SDL_image\external\libpng-1.6.37\arm\filter_neon_intrinsics.c" />
    <ClCompile Include="..\external\SDL_image\external\libpng-1.6.37\arm\palette_neon_intrinsics.c" />
    <ClCompile Include="..\external\SDL_image\external\libpng-1.6.37\png.c" />
    <ClCompile Include="..\external\SDL_image\external\libpng-1.6.37\pngerror.c" />
    <ClCompile Include="..\external\SDL_image\external\libpng-1.6.37\pngget.c" />
    <ClCompile Include="..\external\SDL_image\external\libpng-1.6.37\pngmem.c" />
    <ClCompile Include="..\external\SDL_image\external\libpng-1.6.37\pngpread.c" />
    <ClCompile Include="..\external\SDL_image\external\libpng-1.6.37\pngread.c" />
    <ClCompile Include="..\external\SDL_image\external\libpng-1.6.37\pngrio.c" />
    <ClCompile Include="..\external\SDL_image\external\libpng-1.6.37\pngrtran.c" />
    <ClCompile Include="..\external\SDL_image\external\libpng-1.6.37\pngrutil.c" />
    <ClCompile Include="..\external\SDL_image\external\libpng-1.6.37\pngset.c" />
    <ClCompile Include="..\external\SDL_image\external\libpng-1.6.37\pngtrans.c" />
    <ClCompile Include="..\external\SDL_image\external\libpng-1.6.37\pngwio.c" />
    <ClCompile Include="..\external\SDL_image\external\libpng-1.6.37\pngwrite.c" />
    <ClCompile Include="..\external\SDL_image\external\libpng-1.6.37\pngwtran.c" />
    <ClCompile Include="..\external\SDL_image\external\libpng-1.6.37\pngwutil.c" />
    <ClCompile Include="..\external\SDL_image\IMG_qoi.c" />
  </ItemGroup>
  <ItemGroup>
    <ClInclude Include="..\external\SDL_image\include\SDL_image.h" />
  </ItemGroup>
  <ItemGroup>
    <None Include="..\external\SDL_image\external\libpng-1.6.37\arm\filter_neon.S" />
  </ItemGroup>
</Project>