<?xml version="1.0" encoding="utf-8"?>
<Project ToolsVersion="4.0" xmlns="http://schemas.microsoft.com/developer/msbuild/2003">
  <ItemGroup>
    <ClCompile Include="..\external\SDL_image\src\IMG.c" />
    <ClCompile Include="..\external\SDL_image\src\IMG_ani.c" />
    <ClCompile Include="..\external\SDL_image\src\IMG_anim_decoder.c" />
    <ClCompile Include="..\external\SDL_image\src\IMG_anim_encoder.c" />
    <ClCompile Include="..\external\SDL_image\src\IMG_avif.c" />
    <ClCompile Include="..\external\SDL_image\src\IMG_bmp.c" />
    <ClCompile Include="..\external\SDL_image\src\IMG_gif.c" />
    <ClCompile Include="..\external\SDL_image\src\IMG_jpg.c" />
    <ClCompile Include="..\external\SDL_image\src\IMG_jxl.c" />
    <ClCompile Include="..\external\SDL_image\src\IMG_lbm.c" />
    <ClCompile Include="..\external\SDL_image\src\IMG_libpng.c" />
    <ClCompile Include="..\external\SDL_image\src\IMG_pcx.c" />
    <ClCompile Include="..\external\SDL_image\src\IMG_png.c" />
    <ClCompile Include="..\external\SDL_image\src\IMG_pnm.c" />
    <ClCompile Include="..\external\SDL_image\src\IMG_qoi.c" />
    <ClCompile Include="..\external\SDL_image\src\IMG_stb.c" />
    <ClCompile Include="..\external\SDL_image\src\IMG_svg.c" />
    <ClCompile Include="..\external\SDL_image\src\IMG_tga.c" />
    <ClCompile Include="..\external\SDL_image\src\IMG_tif.c" />
    <ClCompile Include="..\external\SDL_image\src\IMG_webp.c" />
    <ClCompile Include="..\external\SDL_image\src\IMG_WIC.c" />
    <ClCompile Include="..\external\SDL_image\src\IMG_xcf.c" />
    <ClCompile Include="..\external\SDL_image\src\IMG_xpm.c" />
    <ClCompile Include="..\external\SDL_image\src\IMG_xv.c" />
    <ClCompile Include="..\external\SDL_image\src\IMG_xxx.c" />
    <ClCompile Include="..\external\SDL_image\src\xmlman.c" />
  </ItemGroup>
  <ItemGroup>
    <ClInclude Include="..\external\SDL_image\include\SDL_image.h" />
    <ClInclude Include="..\external\SDL_image\src\IMG_ani.h" />
    <ClInclude Include="..\external\SDL_image\src\IMG_anim_decoder.h" />
    <ClInclude Include="..\external\SDL_image\src\IMG_anim_encoder.h" />
    <ClInclude Include="..\external\SDL_image\src\IMG_avif.h" />
    <ClInclude Include="..\external\SDL_image\src\IMG_gif.h" />
    <ClInclude Include="..\external\SDL_image\src\IMG_libpng.h" />
    <ClInclude Include="..\external\SDL_image\src\IMG_webp.h" />
    <ClInclude Include="..\external\SDL_image\src\nanosvg.h" />
    <ClInclude Include="..\external\SDL_image\src\nanosvgrast.h" />
    <ClInclude Include="..\external\SDL_image\src\qoi.h" />
    <ClInclude Include="..\external\SDL_image\src\stb_image.h" />
    <ClInclude Include="..\external\SDL_image\src\tiny_jpeg.h" />
    <ClInclude Include="..\external\SDL_image\src\xmlman.h" />
  </ItemGroup>
  <ItemGroup>
    <None Include="..\external\SDL_image\src\IMG_ImageIO.m" />
    <None Include="..\external\SDL_image\src\SDL_image.exports" />
    <None Include="..\external\SDL_image\src\SDL_image.sym" />
  </ItemGroup>
</Project>