<?xml version="1.0" encoding="utf-8"?>
<Project ToolsVersion="4.0" xmlns="http://schemas.microsoft.com/developer/msbuild/2003">
  <ItemGroup>
    <Filter Include="Header Files">
      <UniqueIdentifier>{ea127063-e60c-4bb5-9a8a-741aeef844bb}</UniqueIdentifier>
    </Filter>
    <Filter Include="Source Files">
      <UniqueIdentifier>{7a074e16-c00a-4bf6-88af-b837dfa2ac52}</UniqueIdentifier>
    </Filter>
    <Filter Include="ogg">
      <UniqueIdentifier>{31f833d6-f73d-42ca-99e7-0a69c3d6cf0b}</UniqueIdentifier>
    </Filter>
    <Filter Include="ogg\includes">
      <UniqueIdentifier>{eefb7898-35ff-42a4-8186-6a7221096de0}</UniqueIdentifier>
    </Filter>
    <Filter Include="ogg\src">
      <UniqueIdentifier>{df08364a-f114-4e5b-a193-023f2c125331}</UniqueIdentifier>
    </Filter>
    <Filter Include="ogg\includes\ogg">
      <UniqueIdentifier>{87fbf54f-106f-4868-a98d-ee701b717140}</UniqueIdentifier>
    </Filter>
    <Filter Include="vorbis">
      <UniqueIdentifier>{6a6d40bc-0c70-499f-8850-5d3fdcc74d6f}</UniqueIdentifier>
    </Filter>
    <Filter Include="vorbis\include">
      <UniqueIdentifier>{e0ca2e0b-afa3-45b3-a12f-8e535d02d584}</UniqueIdentifier>
    </Filter>
    <Filter Include="vorbis\src">
      <UniqueIdentifier>{39882be2-d231-4f9f-a46f-c372755189eb}</UniqueIdentifier>
    </Filter>
  </ItemGroup>
  <ItemGroup>
    <ClCompile Include="..\external\SDL_mixer\src\decoder_aiff.c" />
    <ClCompile Include="..\external\SDL_mixer\src\decoder_au.c" />
    <ClCompile Include="..\external\SDL_mixer\src\decoder_drflac.c" />
    <ClCompile Include="..\external\SDL_mixer\src\decoder_drmp3.c" />
    <ClCompile Include="..\external\SDL_mixer\src\decoder_flac.c" />
    <ClCompile Include="..\external\SDL_mixer\src\decoder_fluidsynth.c" />
    <ClCompile Include="..\external\SDL_mixer\src\decoder_gme.c" />
    <ClCompile Include="..\external\SDL_mixer\src\decoder_mpg123.c" />
    <ClCompile Include="..\external\SDL_mixer\src\decoder_opus.c" />
    <ClCompile Include="..\external\SDL_mixer\src\decoder_raw.c" />
    <ClCompile Include="..\external\SDL_mixer\src\decoder_sinewave.c" />
    <ClCompile Include="..\external\SDL_mixer\src\decoder_stb_vorbis.c" />
    <ClCompile Include="..\external\SDL_mixer\src\decoder_timidity.c" />
    <ClCompile Include="..\external\SDL_mixer\src\decoder_voc.c" />
    <ClCompile Include="..\external\SDL_mixer\src\decoder_vorbis.c" />
    <ClCompile Include="..\external\SDL_mixer\src\decoder_wav.c" />
    <ClCompile Include="..\external\SDL_mixer\src\decoder_wavpack.c" />
    <ClCompile Include="..\external\SDL_mixer\src\decoder_xmp.c" />
    <ClCompile Include="..\external\SDL_mixer\src\SDL_mixer.c" />
    <ClCompile Include="..\external\SDL_mixer\src\SDL_mixer_metadata_tags.c" />
    <ClCompile Include="..\external\SDL_mixer\src\SDL_mixer_spatialization.c" />
  </ItemGroup>
  <ItemGroup>
    <ClInclude Include="..\external\SDL_mixer\src\SDL_mixer_internal.h" />
    <ClInclude Include="..\external\SDL_mixer\src\SDL_mixer_loader.h" />
  </ItemGroup>
  <ItemGroup>
    <None Include="..\external\SDL_mixer\src\SDL_mixer.exports" />
    <None Include="..\external\SDL_mixer\src\SDL_mixer.sym" />
  </ItemGroup>
</Project>