<?xml version="1.0" encoding="utf-8"?>
<Project ToolsVersion="4.0" xmlns="http://schemas.microsoft.com/developer/msbuild/2003">
  <ItemGroup>
    <ClCompile Include="..\SweetCrush\src\Actions.cpp">
      <Filter>Source Files</Filter>
    </ClCompile>
    <ClCompile Include="..\SweetCrush\src\AssetDefs.cpp">
      <Filter>Source Files</Filter>
    </ClCompile>
    <ClCompile Include="..\SweetCrush\src\Board.cpp">
      <Filter>Source Files</Filter>
    </ClCompile>
    <ClCompile Include="..\SweetCrush\src\BoostInfoPanel.cpp">
      <Filter>Source Files</Filter>
    </ClCompile>
    <ClCompile Include="..\SweetCrush\src\Config.cpp">
      <Filter>Source Files</Filter>
    </ClCompile>
    <ClCompile Include="..\SweetCrush\src\CreditsScreen.cpp">
      <Filter>Source Files</Filter>
    </ClCompile>
    <ClCompile Include="..\SweetCrush\src\Game.cpp">
      <Filter>Source Files</Filter>
    </ClCompile>
    <ClCompile Include="..\SweetCrush\src\Localization.cpp">
      <Filter>Source Files</Filter>
    </ClCompile>
    <ClCompile Include="..\SweetCrush\src\main.cpp">
      <Filter>Source Files</Filter>
    </ClCompile>
    <ClCompile Include="..\SweetCrush\src\MainScreen.cpp">
      <Filter>Source Files</Filter>
    </ClCompile>
    <ClCompile Include="..\SweetCrush\src\Match3.cpp">
      <Filter>Source Files</Filter>
    </ClCompile>
    <ClCompile Include="..\SweetCrush\src\PlayScreen.cpp">
      <Filter>Source Files</Filter>
    </ClCompile>
    <ClCompile Include="..\SweetCrush\src\SettingsScreen.cpp">
      <Filter>Source Files</Filter>
    </ClCompile>
    <ClCompile Include="..\SweetCrush\src\TileSelector.cpp">
      <Filter>Source Files</Filter>
    </ClCompile>
    <ClCompile Include="..\SweetCrush\src\UIDefs.cpp">
      <Filter>Source Files</Filter>
    </ClCompile>
    <ClCompile Include="..\external\inih-master\ini.c">
      <Filter>ini</Filter>
    </ClCompile>
    <ClCompile Include="..\SweetCrush\src\GameOverScreen.cpp">
      <Filter>Source Files</Filter>
    </ClCompile>
    <ClCompile Include="..\SweetCrush\src\Levels.cpp">
      <Filter>Source Files</Filter>
    </ClCompile>
    <ClCompile Include="..\SweetCrush\src\LevelCompletePanel.cpp">
      <Filter>Source Files</Filter>
    </ClCompile>
    <ClCompile Include="..\SweetCrush\src\GameCompletePanel.cpp">
      <Filter>Source Files</Filter>
    </ClCompile>
    <ClCompile Include="..\SweetCrush\src\PauseGameScreen.cpp">
      <Filter>Source Files</Filter>
    </ClCompile>
  </ItemGroup>
  <ItemGroup>
    <ClInclude Include="..\SweetCrush\src\MatchStats.h">
      <Filter>Header Files</Filter>
    </ClInclude>
    <ClInclude Include="..\SweetCrush\src\Actions.h">
      <Filter>Header Files</Filter>
    </ClInclude>
    <ClInclude Include="..\SweetCrush\src\AssetDefs.h">
      <Filter>Header Files</Filter>
    </ClInclude>
    <ClInclude Include="..\SweetCrush\src\Board.h">
      <Filter>Header Files</Filter>
    </ClInclude>
    <ClInclude Include="..\SweetCrush\src\BoostInfoPanel.h">
      <Filter>Header Files</Filter>
    </ClInclude>
    <ClInclude Include="..\SweetCrush\src\Constants.h">
      <Filter>Header Files</Filter>
    </ClInclude>
    <ClInclude Include="..\SweetCrush\src\Config.h">
      <Filter>Header Files</Filter>
    </ClInclude>
    <ClInclude Include="..\SweetCrush\src\CreditsScreen.h">
      <Filter>Header Files</Filter>
    </ClInclude>
    <ClInclude Include="..\SweetCrush\src\Game.h">
      <Filter>Header Files</Filter>
    </ClInclude>
    <ClInclude Include="..\SweetCrush\src\GameDrawOrder.h">
      <Filter>Header Files</Filter>
    </ClInclude>
    <ClInclude Include="..\SweetCrush\src\GameSettings.h">
      <Filter>Header Files</Filter>
    </ClInclude>
    <ClInclude Include="..\SweetCrush\src\Localization.h">
      <Filter>Header Files</Filter>
    </ClInclude>
    <ClInclude Include="..\SweetCrush\src\MainScreen.h">
      <Filter>Header Files</Filter>
    </ClInclude>
    <ClInclude Include="..\SweetCrush\src\Match3.h">
      <Filter>Header Files</Filter>
    </ClInclude>
    <ClInclude Include="..\SweetCrush\src\PlayScreen.h">
      <Filter>Header Files</Filter>
    </ClInclude>
    <ClInclude Include="..\SweetCrush\src\ScreenIds.h">
      <Filter>Header Files</Filter>
    </ClInclude>
    <ClInclude Include="..\SweetCrush\src\SettingsScreen.h">
      <Filter>Header Files</Filter>
    </ClInclude>
    <ClInclude Include="..\SweetCrush\src\TileSelector.h">
      <Filter>Header Files</Filter>
    </ClInclude>
    <ClInclude Include="..\SweetCrush\src\UIDefs.h">
      <Filter>Header Files</Filter>
    </ClInclude>
    <ClInclude Include="..\external\inih-master\ini.h">
      <Filter>ini</Filter>
    </ClInclude>
    <ClInclude Include="..\SweetCrush\src\GameOverScreen.h">
      <Filter>Header Files</Filter>
    </ClInclude>
    <ClInclude Include="..\SweetCrush\src\Levels.h">
      <Filter>Header Files</Filter>
    </ClInclude>
    <ClInclude Include="..\SweetCrush\src\Level.h">
      <Filter>Header Files</Filter>
    </ClInclude>
    <ClInclude Include="..\SweetCrush\src\ITileSelector.h">
      <Filter>Header Files</Filter>
    </ClInclude>
    <ClInclude Include="..\SweetCrush\src\LevelCompletePanel.h">
      <Filter>Header Files</Filter>
    </ClInclude>
    <ClInclude Include="..\SweetCrush\src\GameCompletePanel.h">
      <Filter>Header Files</Filter>
    </ClInclude>
    <ClInclude Include="..\SweetCrush\src\PauseGameScreen.h">
      <Filter>Header Files</Filter>
    </ClInclude>
  </ItemGroup>
  <ItemGroup>
    <Filter Include="Header Files">
      <UniqueIdentifier>{e58c23f7-a78d-408f-b9fa-321dd246770b}</UniqueIdentifier>
    </Filter>
    <Filter Include="Source Files">
      <UniqueIdentifier>{baa9b2a3-15bb-475d-8a77-1f11d394f9f7}</UniqueIdentifier>
    </Filter>
    <Filter Include="ini">
      <UniqueIdentifier>{72d50ce9-4a02-4101-96a0-86023356c2f0}</UniqueIdentifier>
    </Filter>
  </ItemGroup>
</Project>